
Microsoft Visual Studio Solution File, Format Version 12.00
# Visual Studio Version 17
VisualStudioVersion = 17.13.35806.99 d17.13
MinimumVisualStudioVersion = 10.0.40219.1
Project("{FAE04EC0-301F-11D3-BF4B-00C04F79EFBC}") = "DoubleList", "DoubleList\DoubleList.csproj", "{4A2BEB7A-50AC-4AF2-B3BC-51EA061396D7}"
EndProject
Project("{FAE04EC0-301F-11D3-BF4B-00C04F79EFBC}") = "DoubleList.UI.Console", "DoubleList.UI.Console\DoubleList.UI.Console.csproj", "{F85F95E4-125A-46D3-893B-86CCF078FADD}"
EndProject
Global
	GlobalSection(SolutionConfigurationPlatforms) = preSolution
		Debug|Any CPU = Debug|Any CPU
		Release|Any CPU = Release|Any CPU
	EndGlobalSection
	GlobalSection(ProjectConfigurationPlatforms) = postSolution
		{4A2BEB7A-50AC-4AF2-B3BC-51EA061396D7}.Debug|Any CPU.ActiveCfg = Debug|Any CPU
		{4A2BEB7A-50AC-4AF2-B3BC-51EA061396D7}.Debug|Any CPU.Build.0 = Debug|Any CPU
		{4A2BEB7A-50AC-4AF2-B3BC-51EA061396D7}.Release|Any CPU.ActiveCfg = Release|Any CPU
		{4A2BEB7A-50AC-4AF2-B3BC-51EA061396D7}.Release|Any CPU.Build.0 = Release|Any CPU
		{F85F95E4-125A-46D3-893B-86CCF078FADD}.Debug|Any CPU.ActiveCfg = Debug|Any CPU
		{F85F95E4-125A-46D3-893B-86CCF078FADD}.Debug|Any CPU.Build.0 = Debug|Any CPU
		{F85F95E4-125A-46D3-893B-86CCF078FADD}.Release|Any CPU.ActiveCfg = Release|Any CPU
		{F85F95E4-125A-46D3-893B-86CCF078FADD}.Release|Any CPU.Build.0 = Release|Any CPU
	EndGlobalSection
	GlobalSection(SolutionProperties) = preSolution
		HideSolutionNode = FALSE
	EndGlobalSection
	GlobalSection(ExtensibilityGlobals) = postSolution
		SolutionGuid = {06D12288-E33C-4412-8020-E073338B0C2C}
	EndGlobalSection
EndGlobal
